
Microsoft Visual Studio Solution File, Format Version 12.00
# Visual Studio 2012
Project("{D954291E-2A0B-460D-934E-DC6B0785DB48}") = "cross-pollinators", "playground\cross-pollinators.shproj", "{87EE7635-A5EB-42C5-8C27-B0B65CBE1A0B}"
EndProject
Project("{FAE04EC0-301F-11D3-BF4B-00C04F79EFBC}") = "cross-pollinators.iOS", "iOS\cross-pollinators.iOS.csproj", "{F254E01F-3BE3-4086-AFBE-2EBB927BCA38}"
EndProject
Project("{FAE04EC0-301F-11D3-BF4B-00C04F79EFBC}") = "cross-pollinators.Droid", "Droid\cross-pollinators.Droid.csproj", "{9B9F33F5-E7EA-4111-B5CD-3D8A0331203A}"
EndProject
Global
	GlobalSection(SolutionConfigurationPlatforms) = preSolution
		Debug|iPhoneSimulator = Debug|iPhoneSimulator
		Release|iPhone = Release|iPhone
		Release|iPhoneSimulator = Release|iPhoneSimulator
		Debug|iPhone = Debug|iPhone
		Debug|Any CPU = Debug|Any CPU
		Release|Any CPU = Release|Any CPU
	EndGlobalSection
	GlobalSection(ProjectConfigurationPlatforms) = postSolution
		{F254E01F-3BE3-4086-AFBE-2EBB927BCA38}.Debug|iPhoneSimulator.ActiveCfg = Debug|iPhoneSimulator
		{F254E01F-3BE3-4086-AFBE-2EBB927BCA38}.Debug|iPhoneSimulator.Build.0 = Debug|iPhoneSimulator
		{F254E01F-3BE3-4086-AFBE-2EBB927BCA38}.Release|iPhone.ActiveCfg = Release|iPhone
		{F254E01F-3BE3-4086-AFBE-2EBB927BCA38}.Release|iPhone.Build.0 = Release|iPhone
		{F254E01F-3BE3-4086-AFBE-2EBB927BCA38}.Release|iPhoneSimulator.ActiveCfg = Release|iPhoneSimulator
		{F254E01F-3BE3-4086-AFBE-2EBB927BCA38}.Release|iPhoneSimulator.Build.0 = Release|iPhoneSimulator
		{F254E01F-3BE3-4086-AFBE-2EBB927BCA38}.Debug|iPhone.ActiveCfg = Debug|iPhone
		{F254E01F-3BE3-4086-AFBE-2EBB927BCA38}.Debug|iPhone.Build.0 = Debug|iPhone
		{F254E01F-3BE3-4086-AFBE-2EBB927BCA38}.Debug|Any CPU.ActiveCfg = Debug|iPhoneSimulator
		{F254E01F-3BE3-4086-AFBE-2EBB927BCA38}.Debug|Any CPU.Build.0 = Debug|iPhoneSimulator
		{F254E01F-3BE3-4086-AFBE-2EBB927BCA38}.Release|Any CPU.ActiveCfg = Release|iPhone
		{F254E01F-3BE3-4086-AFBE-2EBB927BCA38}.Release|Any CPU.Build.0 = Release|iPhone
		{9B9F33F5-E7EA-4111-B5CD-3D8A0331203A}.Debug|iPhoneSimulator.ActiveCfg = Debug|Any CPU
		{9B9F33F5-E7EA-4111-B5CD-3D8A0331203A}.Debug|iPhoneSimulator.Build.0 = Debug|Any CPU
		{9B9F33F5-E7EA-4111-B5CD-3D8A0331203A}.Release|iPhone.ActiveCfg = Release|Any CPU
		{9B9F33F5-E7EA-4111-B5CD-3D8A0331203A}.Release|iPhone.Build.0 = Release|Any CPU
		{9B9F33F5-E7EA-4111-B5CD-3D8A0331203A}.Release|iPhoneSimulator.ActiveCfg = Release|Any CPU
		{9B9F33F5-E7EA-4111-B5CD-3D8A0331203A}.Release|iPhoneSimulator.Build.0 = Release|Any CPU
		{9B9F33F5-E7EA-4111-B5CD-3D8A0331203A}.Debug|iPhone.ActiveCfg = Debug|Any CPU
		{9B9F33F5-E7EA-4111-B5CD-3D8A0331203A}.Debug|iPhone.Build.0 = Debug|Any CPU
		{9B9F33F5-E7EA-4111-B5CD-3D8A0331203A}.Debug|Any CPU.ActiveCfg = Debug|Any CPU
		{9B9F33F5-E7EA-4111-B5CD-3D8A0331203A}.Debug|Any CPU.Build.0 = Debug|Any CPU
		{9B9F33F5-E7EA-4111-B5CD-3D8A0331203A}.Release|Any CPU.ActiveCfg = Release|Any CPU
		{9B9F33F5-E7EA-4111-B5CD-3D8A0331203A}.Release|Any CPU.Build.0 = Release|Any CPU
	EndGlobalSection
EndGlobal
